
Microsoft Visual Studio Solution File, Format Version 12.00
# Visual Studio Version 17
VisualStudioVersion = 17.0.31903.59
MinimumVisualStudioVersion = 10.0.40219.1
Project("{2150E333-8FDC-42A3-9474-1A3956D46DE8}") = "services", "services", "{45D7537A-E214-4CDE-B0AF-0F6CABB6D38F}"
EndProject
Project("{FAE04EC0-301F-11D3-BF4B-00C04F79EFBC}") = "InventoryService", "services\inventory-service\InventoryService.csproj", "{829C0510-11D9-4F89-8EEE-589FB4871F98}"
EndProject
Project("{FAE04EC0-301F-11D3-BF4B-00C04F79EFBC}") = "BillingService", "services\billing-service\BillingService.csproj", "{CA5BC4B1-DD39-4827-9C51-1E39A27497D7}"
EndProject
Global
	GlobalSection(SolutionConfigurationPlatforms) = preSolution
		Debug|Any CPU = Debug|Any CPU
		Release|Any CPU = Release|Any CPU
	EndGlobalSection
	GlobalSection(SolutionProperties) = preSolution
		HideSolutionNode = FALSE
	EndGlobalSection
	GlobalSection(ProjectConfigurationPlatforms) = postSolution
		{829C0510-11D9-4F89-8EEE-589FB4871F98}.Debug|Any CPU.ActiveCfg = Debug|Any CPU
		{829C0510-11D9-4F89-8EEE-589FB4871F98}.Debug|Any CPU.Build.0 = Debug|Any CPU
		{829C0510-11D9-4F89-8EEE-589FB4871F98}.Release|Any CPU.ActiveCfg = Release|Any CPU
		{829C0510-11D9-4F89-8EEE-589FB4871F98}.Release|Any CPU.Build.0 = Release|Any CPU
		{CA5BC4B1-DD39-4827-9C51-1E39A27497D7}.Debug|Any CPU.ActiveCfg = Debug|Any CPU
		{CA5BC4B1-DD39-4827-9C51-1E39A27497D7}.Debug|Any CPU.Build.0 = Debug|Any CPU
		{CA5BC4B1-DD39-4827-9C51-1E39A27497D7}.Release|Any CPU.ActiveCfg = Release|Any CPU
		{CA5BC4B1-DD39-4827-9C51-1E39A27497D7}.Release|Any CPU.Build.0 = Release|Any CPU
	EndGlobalSection
	GlobalSection(NestedProjects) = preSolution
		{829C0510-11D9-4F89-8EEE-589FB4871F98} = {45D7537A-E214-4CDE-B0AF-0F6CABB6D38F}
		{CA5BC4B1-DD39-4827-9C51-1E39A27497D7} = {45D7537A-E214-4CDE-B0AF-0F6CABB6D38F}
	EndGlobalSection
EndGlobal
